
Microsoft Visual Studio Solution File, Format Version 12.00
# Visual Studio Version 16
VisualStudioVersion = 16.0.30717.126
MinimumVisualStudioVersion = 10.0.40219.1
Project("{FAE04EC0-301F-11D3-BF4B-00C04F79EFBC}") = "CET322_SaimDenizSonbay_HW1", "CET322_SaimDenizSonbay_HW1.csproj", "{390FB79D-FFEF-4B9E-BAF6-157BF7E94D39}"
EndProject
Global
	GlobalSection(SolutionConfigurationPlatforms) = preSolution
		Debug|Any CPU = Debug|Any CPU
		Release|Any CPU = Release|Any CPU
	EndGlobalSection
	GlobalSection(ProjectConfigurationPlatforms) = postSolution
		{390FB79D-FFEF-4B9E-BAF6-157BF7E94D39}.Debug|Any CPU.ActiveCfg = Debug|Any CPU
		{390FB79D-FFEF-4B9E-BAF6-157BF7E94D39}.Debug|Any CPU.Build.0 = Debug|Any CPU
		{390FB79D-FFEF-4B9E-BAF6-157BF7E94D39}.Release|Any CPU.ActiveCfg = Release|Any CPU
		{390FB79D-FFEF-4B9E-BAF6-157BF7E94D39}.Release|Any CPU.Build.0 = Release|Any CPU
	EndGlobalSection
	GlobalSection(SolutionProperties) = preSolution
		HideSolutionNode = FALSE
	EndGlobalSection
	GlobalSection(ExtensibilityGlobals) = postSolution
		SolutionGuid = {68671CC8-05E4-4DA2-BC5E-6A8A6D9117A5}
	EndGlobalSection
EndGlobal
